# @generated - this file is auto-generated by `mise lock` https://mise.jdx.dev/dev-tools/mise-lock.html

lockfile_version = 1

[[tools.ruby]]
version = "3.3.12"
backend = "core:ruby"
specifiers = ["3.3.12"]

[tools.ruby.options]
compile = "false"
precompiled_url = "jdx/ruby"
ruby_build_repo = "https://github.com/rbenv/ruby-build.git"
ruby_install = "false"

[tools.ruby."platforms.linux-arm64"]
checksum = "sha256:9778fc285dca3ae4ff19213355e549c30ba7fb02635338df342969017d5ac141"
url = "https://github.com/jdx/ruby/releases/download/3.3.12-1/ruby-3.3.12.arm64_linux.tar.gz"
provenance = "github-attestations"

[tools.ruby."platforms.linux-arm64-musl"]
checksum = "sha256:b06d63beae271933033e27f0a389bc582a009e7845357d44365c39de525a051b"
url = "https://cache.ruby-lang.org/pub/ruby/3.3/ruby-3.3.12.tar.gz"

[tools.ruby."platforms.linux-x64"]
checksum = "sha256:9f85eb7bce31098ba8d81081e047c795ab161a785b163b30eb1ce973b0e6c186"
url = "https://github.com/jdx/ruby/releases/download/3.3.12-1/ruby-3.3.12.x86_64_linux.tar.gz"
provenance = "github-attestations"

[tools.ruby."platforms.linux-x64-musl"]
checksum = "sha256:b06d63beae271933033e27f0a389bc582a009e7845357d44365c39de525a051b"
url = "https://cache.ruby-lang.org/pub/ruby/3.3/ruby-3.3.12.tar.gz"

[tools.ruby."platforms.macos-arm64"]
checksum = "sha256:63d8668a5ff595fb82ee54328ee9c6166923967fedd1dbd7f2961099fd462da2"
url = "https://github.com/jdx/ruby/releases/download/3.3.12-1/ruby-3.3.12.macos.tar.gz"
provenance = "github-attestations"

[tools.ruby."platforms.macos-x64"]
checksum = "sha256:b06d63beae271933033e27f0a389bc582a009e7845357d44365c39de525a051b"
url = "https://cache.ruby-lang.org/pub/ruby/3.3/ruby-3.3.12.tar.gz"

[[tools.ruby]]
version = "3.3.12"
backend = "core:ruby"
specifiers = ["3.3.12"]

[tools.ruby."platforms.windows-x64"]
checksum = "sha256:f8d534a44e47e5b72abe557497763128b93e9356bd91397a3d7b9e0a11572943"
url = "https://github.com/oneclick/rubyinstaller2/releases/download/RubyInstaller-3.3.12-1/rubyinstaller-3.3.12-1-x64.7z"
